
Microsoft Visual Studio Solution File, Format Version 12.00
# Visual Studio Version 16
VisualStudioVersion = 16.0.32630.194
MinimumVisualStudioVersion = 10.0.40219.1
Project("{FAE04EC0-301F-11D3-BF4B-00C04F79EFBC}") = "CurrencyMonitor", "CurrencyMonitor\CurrencyMonitor.csproj", "{9A4B1F12-1794-45C4-8D5D-ACEDE58F11BC}"
EndProject
Global
	GlobalSection(SolutionConfigurationPlatforms) = preSolution
		Debug|Any CPU = Debug|Any CPU
		Release|Any CPU = Release|Any CPU
	EndGlobalSection
	GlobalSection(ProjectConfigurationPlatforms) = postSolution
		{9A4B1F12-1794-45C4-8D5D-ACEDE58F11BC}.Debug|Any CPU.ActiveCfg = Debug|Any CPU
		{9A4B1F12-1794-45C4-8D5D-ACEDE58F11BC}.Debug|Any CPU.Build.0 = Debug|Any CPU
		{9A4B1F12-1794-45C4-8D5D-ACEDE58F11BC}.Release|Any CPU.ActiveCfg = Release|Any CPU
		{9A4B1F12-1794-45C4-8D5D-ACEDE58F11BC}.Release|Any CPU.Build.0 = Release|Any CPU
	EndGlobalSection
	GlobalSection(SolutionProperties) = preSolution
		HideSolutionNode = FALSE
	EndGlobalSection
	GlobalSection(ExtensibilityGlobals) = postSolution
		SolutionGuid = {C1B60907-B332-46F5-8F0F-A5AFA810EC53}
	EndGlobalSection
EndGlobal
